dependencies:
  espressif/esp_jpeg:
    component_hash: 7ebea44283e9247b523f4e0e16ec45b002931664eab5d302eee918edb54c86c1
    source:
      service_url: https://api.components.espressif.com/
      type: service
    version: 1.0.5~1
  espressif/mdns:
    component_hash: d6665090cf41eb399c184aab6f34234251a773e052fb53ca044dcb576264c646
    source:
      service_url: https://api.components.espressif.com/
      type: service
    version: 1.2.1
  idf:
    component_hash: null
    source:
      type: idf
    version: 5.1.1
manifest_hash: 4a597979579a0aee05fbcc7bc0cc93ef9825a544f186591c7346cbe2671f01e0
target: esp32
version: 1.0.0
